
Microsoft Visual Studio Solution File, Format Version 12.00
# Visual Studio Version 17
VisualStudioVersion = 17.2.32516.85
MinimumVisualStudioVersion = 10.0.40219.1
Project("{6EC3EE1D-3C4E-46DD-8F32-0CC8E7565705}") = "Shared", "Shared\Shared.fsproj", "{2A2C186F-8150-449C-9F43-8680C83FBB81}"
EndProject
Project("{6EC3EE1D-3C4E-46DD-8F32-0CC8E7565705}") = "WebAPI", "WebAPI\WebAPI.fsproj", "{4FE66269-C105-4C97-A5DC-F26C6439ED3D}"
EndProject
Project("{FAE04EC0-301F-11D3-BF4B-00C04F79EFBC}") = "BlazorServerApp", "BlazorServerApp\BlazorServerApp.csproj", "{03FBD50A-18B2-45A4-B2C9-EA9B5E0C3FE8}"
EndProject
Project("{9A19103F-16F7-4668-BE54-9A1E7A4F7556}") = "WebApp", "WebApp\WebApp.csproj", "{ECDFB807-C0C9-463E-BCA6-2EA7D61FECD0}"
EndProject
Global
	GlobalSection(SolutionConfigurationPlatforms) = preSolution
		Debug|Any CPU = Debug|Any CPU
		Release|Any CPU = Release|Any CPU
	EndGlobalSection
	GlobalSection(ProjectConfigurationPlatforms) = postSolution
		{2A2C186F-8150-449C-9F43-8680C83FBB81}.Debug|Any CPU.ActiveCfg = Debug|Any CPU
		{2A2C186F-8150-449C-9F43-8680C83FBB81}.Debug|Any CPU.Build.0 = Debug|Any CPU
		{2A2C186F-8150-449C-9F43-8680C83FBB81}.Release|Any CPU.ActiveCfg = Release|Any CPU
		{2A2C186F-8150-449C-9F43-8680C83FBB81}.Release|Any CPU.Build.0 = Release|Any CPU
		{4FE66269-C105-4C97-A5DC-F26C6439ED3D}.Debug|Any CPU.ActiveCfg = Debug|Any CPU
		{4FE66269-C105-4C97-A5DC-F26C6439ED3D}.Debug|Any CPU.Build.0 = Debug|Any CPU
		{4FE66269-C105-4C97-A5DC-F26C6439ED3D}.Release|Any CPU.ActiveCfg = Release|Any CPU
		{4FE66269-C105-4C97-A5DC-F26C6439ED3D}.Release|Any CPU.Build.0 = Release|Any CPU
		{03FBD50A-18B2-45A4-B2C9-EA9B5E0C3FE8}.Debug|Any CPU.ActiveCfg = Debug|Any CPU
		{03FBD50A-18B2-45A4-B2C9-EA9B5E0C3FE8}.Debug|Any CPU.Build.0 = Debug|Any CPU
		{03FBD50A-18B2-45A4-B2C9-EA9B5E0C3FE8}.Release|Any CPU.ActiveCfg = Release|Any CPU
		{03FBD50A-18B2-45A4-B2C9-EA9B5E0C3FE8}.Release|Any CPU.Build.0 = Release|Any CPU
		{ECDFB807-C0C9-463E-BCA6-2EA7D61FECD0}.Debug|Any CPU.ActiveCfg = Debug|Any CPU
		{ECDFB807-C0C9-463E-BCA6-2EA7D61FECD0}.Debug|Any CPU.Build.0 = Debug|Any CPU
		{ECDFB807-C0C9-463E-BCA6-2EA7D61FECD0}.Release|Any CPU.ActiveCfg = Release|Any CPU
		{ECDFB807-C0C9-463E-BCA6-2EA7D61FECD0}.Release|Any CPU.Build.0 = Release|Any CPU
	EndGlobalSection
	GlobalSection(SolutionProperties) = preSolution
		HideSolutionNode = FALSE
	EndGlobalSection
	GlobalSection(ExtensibilityGlobals) = postSolution
		SolutionGuid = {CB3CEAB7-E0DF-4BCE-8322-D59C0EE12FBD}
	EndGlobalSection
EndGlobal
