
Microsoft Visual Studio Solution File, Format Version 12.00
# Visual Studio Version 17
VisualStudioVersion = 17.2.32516.85
MinimumVisualStudioVersion = 10.0.40219.1
Project("{6EC3EE1D-3C4E-46DD-8F32-0CC8E7565705}") = "Shared", "Shared\Shared.fsproj", "{2A2C186F-8150-449C-9F43-8680C83FBB81}"
EndProject
Project("{6EC3EE1D-3C4E-46DD-8F32-0CC8E7565705}") = "WebAPI", "WebAPI\WebAPI.fsproj", "{4FE66269-C105-4C97-A5DC-F26C6439ED3D}"
EndProject
Project("{FAE04EC0-301F-11D3-BF4B-00C04F79EFBC}") = "BlazorServerApp", "BlazorServerApp\BlazorServerApp.csproj", "{03FBD50A-18B2-45A4-B2C9-EA9B5E0C3FE8}"
EndProject
Project("{2150E333-8FDC-42A3-9474-1A3956D46DE8}") = "Solution Items", "Solution Items", "{FAC6162F-04B6-4BD2-A49C-4D3095F9B0AF}"
	ProjectSection(SolutionItems) = preProject
		Dockerfile = Dockerfile
		RUN MongoDB in Docker.md = RUN MongoDB in Docker.md
	EndProjectSection
EndProject
Project("{F2A71F9B-5D33-465A-A702-920D77279786}") = "Backend", "Backend\Backend.fsproj", "{9432F2ED-782B-4DB3-AE89-F534E2298C37}"
EndProject
Global
	GlobalSection(SolutionConfigurationPlatforms) = preSolution
		Debug|Any CPU = Debug|Any CPU
		Release|Any CPU = Release|Any CPU
	EndGlobalSection
	GlobalSection(ProjectConfigurationPlatforms) = postSolution
		{2A2C186F-8150-449C-9F43-8680C83FBB81}.Debug|Any CPU.ActiveCfg = Debug|Any CPU
		{2A2C186F-8150-449C-9F43-8680C83FBB81}.Debug|Any CPU.Build.0 = Debug|Any CPU
		{2A2C186F-8150-449C-9F43-8680C83FBB81}.Release|Any CPU.ActiveCfg = Release|Any CPU
		{2A2C186F-8150-449C-9F43-8680C83FBB81}.Release|Any CPU.Build.0 = Release|Any CPU
		{4FE66269-C105-4C97-A5DC-F26C6439ED3D}.Debug|Any CPU.ActiveCfg = Debug|Any CPU
		{4FE66269-C105-4C97-A5DC-F26C6439ED3D}.Debug|Any CPU.Build.0 = Debug|Any CPU
		{4FE66269-C105-4C97-A5DC-F26C6439ED3D}.Release|Any CPU.ActiveCfg = Release|Any CPU
		{4FE66269-C105-4C97-A5DC-F26C6439ED3D}.Release|Any CPU.Build.0 = Release|Any CPU
		{03FBD50A-18B2-45A4-B2C9-EA9B5E0C3FE8}.Debug|Any CPU.ActiveCfg = Debug|Any CPU
		{03FBD50A-18B2-45A4-B2C9-EA9B5E0C3FE8}.Debug|Any CPU.Build.0 = Debug|Any CPU
		{03FBD50A-18B2-45A4-B2C9-EA9B5E0C3FE8}.Release|Any CPU.ActiveCfg = Release|Any CPU
		{03FBD50A-18B2-45A4-B2C9-EA9B5E0C3FE8}.Release|Any CPU.Build.0 = Release|Any CPU
		{9432F2ED-782B-4DB3-AE89-F534E2298C37}.Debug|Any CPU.ActiveCfg = Debug|Any CPU
		{9432F2ED-782B-4DB3-AE89-F534E2298C37}.Debug|Any CPU.Build.0 = Debug|Any CPU
		{9432F2ED-782B-4DB3-AE89-F534E2298C37}.Release|Any CPU.ActiveCfg = Release|Any CPU
		{9432F2ED-782B-4DB3-AE89-F534E2298C37}.Release|Any CPU.Build.0 = Release|Any CPU
	EndGlobalSection
	GlobalSection(SolutionProperties) = preSolution
		HideSolutionNode = FALSE
	EndGlobalSection
	GlobalSection(ExtensibilityGlobals) = postSolution
		SolutionGuid = {CB3CEAB7-E0DF-4BCE-8322-D59C0EE12FBD}
	EndGlobalSection
EndGlobal
